// !$*UTF8*$!
{
	archiveVersion = 1;
	classes = {
	};
	objectVersion = 56;
	objects = {

/* Begin PBXBuildFile section */
		8D009E342B63E0F7003CEDA1 /* AppDelegate.swift in Sources */ = {isa = PBXBuildFile; fileRef = 8D009E332B63E0F7003CEDA1 /* AppDelegate.swift */; };
		8D009E362B63E0F7003CEDA1 /* SceneDelegate.swift in Sources */ = {isa = PBXBuildFile; fileRef = 8D009E352B63E0F7003CEDA1 /* SceneDelegate.swift */; };
		8D009E382B63E0F7003CEDA1 /* ViewController.swift in Sources */ = {isa = PBXBuildFile; fileRef = 8D009E372B63E0F7003CEDA1 /* ViewController.swift */; };
		8D009E3B2B63E0F7003CEDA1 /* Main.storyboard in Resources */ = {isa = PBXBuildFile; fileRef = 8D009E392B63E0F7003CEDA1 /* Main.storyboard */; };
		8D009E3D2B63E0F9003CEDA1 /* Assets.xcassets in Resources */ = {isa = PBXBuildFile; fileRef = 8D009E3C2B63E0F9003CEDA1 /* Assets.xcassets */; };
		8D009E402B63E0F9003CEDA1 /* LaunchScreen.storyboard in Resources */ = {isa = PBXBuildFile; fileRef = 8D009E3E2B63E0F9003CEDA1 /* LaunchScreen.storyboard */; };
		8D009E4B2B63E0F9003CEDA1 /* BottomSheetProTests.swift in Sources */ = {isa = PBXBuildFile; fileRef = 8D009E4A2B63E0F9003CEDA1 /* BottomSheetProTests.swift */; };
		8D009E552B63E0F9003CEDA1 /* BottomSheetProUITests.swift in Sources */ = {isa = PBXBuildFile; fileRef = 8D009E542B63E0F9003CEDA1 /* BottomSheetProUITests.swift */; };
		8D009E572B63E0F9003CEDA1 /* BottomSheetProUITestsLaunchTests.swift in Sources */ = {isa = PBXBuildFile; fileRef = 8D009E562B63E0F9003CEDA1 /* BottomSheetProUITestsLaunchTests.swift */; };
/* End PBXBuildFile section */

/* Begin PBXContainerItemProxy section */
		8D009E472B63E0F9003CEDA1 /* PBXContainerItemProxy */ = {
			isa = PBXContainerItemProxy;
			containerPortal = 8D009E282B63E0F7003CEDA1 /* Project object */;
			proxyType = 1;
			remoteGlobalIDString = 8D009E2F2B63E0F7003CEDA1;
			remoteInfo = BottomSheetPro;
		};
		8D009E512B63E0F9003CEDA1 /* PBXContainerItemProxy */ = {
			isa = PBXContainerItemProxy;
			containerPortal = 8D009E282B63E0F7003CEDA1 /* Project object */;
			proxyType = 1;
			remoteGlobalIDString = 8D009E2F2B63E0F7003CEDA1;
			remoteInfo = BottomSheetPro;
		};
/* End PBXContainerItemProxy section */

/* Begin PBXFileReference section */
		8D009E302B63E0F7003CEDA1 /* BottomSheetPro.app */ = {isa = PBXFileReference; explicitFileType = wrapper.application; includeInIndex = 0; path = BottomSheetPro.app; sourceTree = BUILT_PRODUCTS_DIR; };
		8D009E332B63E0F7003CEDA1 /* AppDelegate.swift */ = {isa = PBXFileReference; lastKnownFileType = sourcecode.swift; path = AppDelegate.swift; sourceTree = "<group>"; };
		8D009E352B63E0F7003CEDA1 /* SceneDelegate.swift */ = {isa = PBXFileReference; lastKnownFileType = sourcecode.swift; path = SceneDelegate.swift; sourceTree = "<group>"; };
		8D009E372B63E0F7003CEDA1 /* ViewController.swift */ = {isa = PBXFileReference; lastKnownFileType = sourcecode.swift; path = ViewController.swift; sourceTree = "<group>"; };
		8D009E3A2B63E0F7003CEDA1 /* Base */ = {isa = PBXFileReference; lastKnownFileType = file.storyboard; name = Base; path = Base.lproj/Main.storyboard; sourceTree = "<group>"; };
		8D009E3C2B63E0F9003CEDA1 /* Assets.xcassets */ = {isa = PBXFileReference; lastKnownFileType = folder.assetcatalog; path = Assets.xcassets; sourceTree = "<group>"; };
		8D009E3F2B63E0F9003CEDA1 /* Base */ = {isa = PBXFileReference; lastKnownFileType = file.storyboard; name = Base; path = Base.lproj/LaunchScreen.storyboard; sourceTree = "<group>"; };
		8D009E412B63E0F9003CEDA1 /* Info.plist */ = {isa = PBXFileReference; lastKnownFileType = text.plist.xml; path = Info.plist; sourceTree = "<group>"; };
		8D009E462B63E0F9003CEDA1 /* BottomSheetProTests.xctest */ = {isa = PBXFileReference; explicitFileType = wrapper.cfbundle; includeInIndex = 0; path = BottomSheetProTests.xctest; sourceTree = BUILT_PRODUCTS_DIR; };
		8D009E4A2B63E0F9003CEDA1 /* BottomSheetProTests.swift */ = {isa = PBXFileReference; lastKnownFileType = sourcecode.swift; path = BottomSheetProTests.swift; sourceTree = "<group>"; };
		8D009E502B63E0F9003CEDA1 /* BottomSheetProUITests.xctest */ = {isa = PBXFileReference; explicitFileType = wrapper.cfbundle; includeInIndex = 0; path = BottomSheetProUITests.xctest; sourceTree = BUILT_PRODUCTS_DIR; };
		8D009E542B63E0F9003CEDA1 /* BottomSheetProUITests.swift */ = {isa = PBXFileReference; lastKnownFileType = sourcecode.swift; path = BottomSheetProUITests.swift; sourceTree = "<group>"; };
		8D009E562B63E0F9003CEDA1 /* BottomSheetProUITestsLaunchTests.swift */ = {isa = PBXFileReference; lastKnownFileType = sourcecode.swift; path = BottomSheetProUITestsLaunchTests.swift; sourceTree = "<group>"; };
/* End PBXFileReference section */

/* Begin PBXFrameworksBuildPhase section */
		8D009E2D2B63E0F7003CEDA1 /* Frameworks */ = {
			isa = PBXFrameworksBuildPhase;
			buildActionMask = 2147483647;
			files = (
			);
			runOnlyForDeploymentPostprocessing = 0;
		};
		8D009E432B63E0F9003CEDA1 /* Frameworks */ = {
			isa = PBXFrameworksBuildPhase;
			buildActionMask = 2147483647;
			files = (
			);
			runOnlyForDeploymentPostprocessing = 0;
		};
		8D009E4D2B63E0F9003CEDA1 /* Frameworks */ = {
			isa = PBXFrameworksBuildPhase;
			buildActionMask = 2147483647;
			files = (
			);
			runOnlyForDeploymentPostprocessing = 0;
		};
/* End PBXFrameworksBuildPhase section */

/* Begin PBXGroup section */
		8D009E272B63E0F7003CEDA1 = {
			isa = PBXGroup;
			children = (
				8D009E322B63E0F7003CEDA1 /* BottomSheetPro */,
				8D009E492B63E0F9003CEDA1 /* BottomSheetProTests */,
				8D009E532B63E0F9003CEDA1 /* BottomSheetProUITests */,
				8D009E312B63E0F7003CEDA1 /* Products */,
			);
			sourceTree = "<group>";
		};
		8D009E312B63E0F7003CEDA1 /* Products */ = {
			isa = PBXGroup;
			children = (
				8D009E302B63E0F7003CEDA1 /* BottomSheetPro.app */,
				8D009E462B63E0F9003CEDA1 /* BottomSheetProTests.xctest */,
				8D009E502B63E0F9003CEDA1 /* BottomSheetProUITests.xctest */,
			);
			name = Products;
			sourceTree = "<group>";
		};
		8D009E322B63E0F7003CEDA1 /* BottomSheetPro */ = {
			isa = PBXGroup;
			children = (
				8D009E332B63E0F7003CEDA1 /* AppDelegate.swift */,
				8D009E352B63E0F7003CEDA1 /* SceneDelegate.swift */,
				8D009E372B63E0F7003CEDA1 /* ViewController.swift */,
				8D009E392B63E0F7003CEDA1 /* Main.storyboard */,
				8D009E3C2B63E0F9003CEDA1 /* Assets.xcassets */,
				8D009E3E2B63E0F9003CEDA1 /* LaunchScreen.storyboard */,
				8D009E412B63E0F9003CEDA1 /* Info.plist */,
			);
			path = BottomSheetPro;
			sourceTree = "<group>";
		};
		8D009E492B63E0F9003CEDA1 /* BottomSheetProTests */ = {
			isa = PBXGroup;
			children = (
				8D009E4A2B63E0F9003CEDA1 /* BottomSheetProTests.swift */,
			);
			path = BottomSheetProTests;
			sourceTree = "<group>";
		};
		8D009E532B63E0F9003CEDA1 /* BottomSheetProUITests */ = {
			isa = PBXGroup;
			children = (
				8D009E542B63E0F9003CEDA1 /* BottomSheetProUITests.swift */,
				8D009E562B63E0F9003CEDA1 /* BottomSheetProUITestsLaunchTests.swift */,
			);
			path = BottomSheetProUITests;
			sourceTree = "<group>";
		};
/* End PBXGroup section */

/* Begin PBXNativeTarget section */
		8D009E2F2B63E0F7003CEDA1 /* BottomSheetPro */ = {
			isa = PBXNativeTarget;
			buildConfigurationList = 8D009E5A2B63E0F9003CEDA1 /* Build configuration list for PBXNativeTarget "BottomSheetPro" */;
			buildPhases = (
				8D009E2C2B63E0F7003CEDA1 /* Sources */,
				8D009E2D2B63E0F7003CEDA1 /* Frameworks */,
				8D009E2E2B63E0F7003CEDA1 /* Resources */,
			);
			buildRules = (
			);
			dependencies = (
			);
			name = BottomSheetPro;
			productName = BottomSheetPro;
			productReference = 8D009E302B63E0F7003CEDA1 /* BottomSheetPro.app */;
			productType = "com.apple.product-type.application";
		};
		8D009E452B63E0F9003CEDA1 /* BottomSheetProTests */ = {
			isa = PBXNativeTarget;
			buildConfigurationList = 8D009E5D2B63E0F9003CEDA1 /* Build configuration list for PBXNativeTarget "BottomSheetProTests" */;
			buildPhases = (
				8D009E422B63E0F9003CEDA1 /* Sources */,
				8D009E432B63E0F9003CEDA1 /* Frameworks */,
				8D009E442B63E0F9003CEDA1 /* Resources */,
			);
			buildRules = (
			);
			dependencies = (
				8D009E482B63E0F9003CEDA1 /* PBXTargetDependency */,
			);
			name = BottomSheetProTests;
			productName = BottomSheetProTests;
			productReference = 8D009E462B63E0F9003CEDA1 /* BottomSheetProTests.xctest */;
			productType = "com.apple.product-type.bundle.unit-test";
		};
		8D009E4F2B63E0F9003CEDA1 /* BottomSheetProUITests */ = {
			isa = PBXNativeTarget;
			buildConfigurationList = 8D009E602B63E0F9003CEDA1 /* Build configuration list for PBXNativeTarget "BottomSheetProUITests" */;
			buildPhases = (
				8D009E4C2B63E0F9003CEDA1 /* Sources */,
				8D009E4D2B63E0F9003CEDA1 /* Frameworks */,
				8D009E4E2B63E0F9003CEDA1 /* Resources */,
			);
			buildRules = (
			);
			dependencies = (
				8D009E522B63E0F9003CEDA1 /* PBXTargetDependency */,
			);
			name = BottomSheetProUITests;
			productName = BottomSheetProUITests;
			productReference = 8D009E502B63E0F9003CEDA1 /* BottomSheetProUITests.xctest */;
			productType = "com.apple.product-type.bundle.ui-testing";
		};
/* End PBXNativeTarget section */

/* Begin PBXProject section */
		8D009E282B63E0F7003CEDA1 /* Project object */ = {
			isa = PBXProject;
			attributes = {
				BuildIndependentTargetsInParallel = 1;
				LastSwiftUpdateCheck = 1520;
				LastUpgradeCheck = 1520;
				TargetAttributes = {
					8D009E2F2B63E0F7003CEDA1 = {
						CreatedOnToolsVersion = 15.2;
					};
					8D009E452B63E0F9003CEDA1 = {
						CreatedOnToolsVersion = 15.2;
						TestTargetID = 8D009E2F2B63E0F7003CEDA1;
					};
					8D009E4F2B63E0F9003CEDA1 = {
						CreatedOnToolsVersion = 15.2;
						TestTargetID = 8D009E2F2B63E0F7003CEDA1;
					};
				};
			};
			buildConfigurationList = 8D009E2B2B63E0F7003CEDA1 /* Build configuration list for PBXProject "BottomSheetPro" */;
			compatibilityVersion = "Xcode 14.0";
			developmentRegion = en;
			hasScannedForEncodings = 0;
			knownRegions = (
				en,
				Base,
			);
			mainGroup = 8D009E272B63E0F7003CEDA1;
			productRefGroup = 8D009E312B63E0F7003CEDA1 /* Products */;
			projectDirPath = "";
			projectRoot = "";
			targets = (
				8D009E2F2B63E0F7003CEDA1 /* BottomSheetPro */,
				8D009E452B63E0F9003CEDA1 /* BottomSheetProTests */,
				8D009E4F2B63E0F9003CEDA1 /* BottomSheetProUITests */,
			);
		};
/* End PBXProject section */

/* Begin PBXResourcesBuildPhase section */
		8D009E2E2B63E0F7003CEDA1 /* Resources */ = {
			isa = PBXResourcesBuildPhase;
			buildActionMask = 2147483647;
			files = (
				8D009E402B63E0F9003CEDA1 /* LaunchScreen.storyboard in Resources */,
				8D009E3D2B63E0F9003CEDA1 /* Assets.xcassets in Resources */,
				8D009E3B2B63E0F7003CEDA1 /* Main.storyboard in Resources */,
			);
			runOnlyForDeploymentPostprocessing = 0;
		};
		8D009E442B63E0F9003CEDA1 /* Resources */ = {
			isa = PBXResourcesBuildPhase;
			buildActionMask = 2147483647;
			files = (
			);
			runOnlyForDeploymentPostprocessing = 0;
		};
		8D009E4E2B63E0F9003CEDA1 /* Resources */ = {
			isa = PBXResourcesBuildPhase;
			buildActionMask = 2147483647;
			files = (
			);
			runOnlyForDeploymentPostprocessing = 0;
		};
/* End PBXResourcesBuildPhase section */

/* Begin PBXSourcesBuildPhase section */
		8D009E2C2B63E0F7003CEDA1 /* Sources */ = {
			isa = PBXSourcesBuildPhase;
			buildActionMask = 2147483647;
			files = (
				8D009E382B63E0F7003CEDA1 /* ViewController.swift in Sources */,
				8D009E342B63E0F7003CEDA1 /* AppDelegate.swift in Sources */,
				8D009E362B63E0F7003CEDA1 /* SceneDelegate.swift in Sources */,
			);
			runOnlyForDeploymentPostprocessing = 0;
		};
		8D009E422B63E0F9003CEDA1 /* Sources */ = {
			isa = PBXSourcesBuildPhase;
			buildActionMask = 2147483647;
			files = (
				8D009E4B2B63E0F9003CEDA1 /* BottomSheetProTests.swift in Sources */,
			);
			runOnlyForDeploymentPostprocessing = 0;
		};
		8D009E4C2B63E0F9003CEDA1 /* Sources */ = {
			isa = PBXSourcesBuildPhase;
			buildActionMask = 2147483647;
			files = (
				8D009E552B63E0F9003CEDA1 /* BottomSheetProUITests.swift in Sources */,
				8D009E572B63E0F9003CEDA1 /* BottomSheetProUITestsLaunchTests.swift in Sources */,
			);
			runOnlyForDeploymentPostprocessing = 0;
		};
/* End PBXSourcesBuildPhase section */

/* Begin PBXTargetDependency section */
		8D009E482B63E0F9003CEDA1 /* PBXTargetDependency */ = {
			isa = PBXTargetDependency;
			target = 8D009E2F2B63E0F7003CEDA1 /* BottomSheetPro */;
			targetProxy = 8D009E472B63E0F9003CEDA1 /* PBXContainerItemProxy */;
		};
		8D009E522B63E0F9003CEDA1 /* PBXTargetDependency */ = {
			isa = PBXTargetDependency;
			target = 8D009E2F2B63E0F7003CEDA1 /* BottomSheetPro */;
			targetProxy = 8D009E512B63E0F9003CEDA1 /* PBXContainerItemProxy */;
		};
/* End PBXTargetDependency section */

/* Begin PBXVariantGroup section */
		8D009E392B63E0F7003CEDA1 /* Main.storyboard */ = {
			isa = PBXVariantGroup;
			children = (
				8D009E3A2B63E0F7003CEDA1 /* Base */,
			);
			name = Main.storyboard;
			sourceTree = "<group>";
		};
		8D009E3E2B63E0F9003CEDA1 /* LaunchScreen.storyboard */ = {
			isa = PBXVariantGroup;
			children = (
				8D009E3F2B63E0F9003CEDA1 /* Base */,
			);
			name = LaunchScreen.storyboard;
			sourceTree = "<group>";
		};
/* End PBXVariantGroup section */

/* Begin XCBuildConfiguration section */
		8D009E582B63E0F9003CEDA1 /* Debug */ = {
			isa = XCBuildConfiguration;
			buildSettings = {
				ALWAYS_SEARCH_USER_PATHS = NO;
				ASSETCATALOG_COMPILER_GENERATE_SWIFT_ASSET_SYMBOL_EXTENSIONS = YES;
				CLANG_ANALYZER_NONNULL = YES;
				CLANG_ANALYZER_NUMBER_OBJECT_CONVERSION = YES_AGGRESSIVE;
				CLANG_CXX_LANGUAGE_STANDARD = "gnu++20";
				CLANG_ENABLE_MODULES = YES;
				CLANG_ENABLE_OBJC_ARC = YES;
				CLANG_ENABLE_OBJC_WEAK = YES;
				CLANG_WARN_BLOCK_CAPTURE_AUTORELEASING = YES;
				CLANG_WARN_BOOL_CONVERSION = YES;
				CLANG_WARN_COMMA = YES;
				CLANG_WARN_CONSTANT_CONVERSION = YES;
				CLANG_WARN_DEPRECATED_OBJC_IMPLEMENTATIONS = YES;
				CLANG_WARN_DIRECT_OBJC_ISA_USAGE = YES_ERROR;
				CLANG_WARN_DOCUMENTATION_COMMENTS = YES;
				CLANG_WARN_EMPTY_BODY = YES;
				CLANG_WARN_ENUM_CONVERSION = YES;
				CLANG_WARN_INFINITE_RECURSION = YES;
				CLANG_WARN_INT_CONVERSION = YES;
				CLANG_WARN_NON_LITERAL_NULL_CONVERSION = YES;
				CLANG_WARN_OBJC_IMPLICIT_RETAIN_SELF = YES;
				CLANG_WARN_OBJC_LITERAL_CONVERSION = YES;
				CLANG_WARN_OBJC_ROOT_CLASS = YES_ERROR;
				CLANG_WARN_QUOTED_INCLUDE_IN_FRAMEWORK_HEADER = YES;
				CLANG_WARN_RANGE_LOOP_ANALYSIS = YES;
				CLANG_WARN_STRICT_PROTOTYPES = YES;
				CLANG_WARN_SUSPICIOUS_MOVE = YES;
				CLANG_WARN_UNGUARDED_AVAILABILITY = YES_AGGRESSIVE;
				CLANG_WARN_UNREACHABLE_CODE = YES;
				CLANG_WARN__DUPLICATE_METHOD_MATCH = YES;
				COPY_PHASE_STRIP = NO;
				DEBUG_INFORMATION_FORMAT = dwarf;
				ENABLE_STRICT_OBJC_MSGSEND = YES;
				ENABLE_TESTABILITY = YES;
				ENABLE_USER_SCRIPT_SANDBOXING = YES;
				GCC_C_LANGUAGE_STANDARD = gnu17;
				GCC_DYNAMIC_NO_PIC = NO;
				GCC_NO_COMMON_BLOCKS = YES;
				GCC_OPTIMIZATION_LEVEL = 0;
				GCC_PREPROCESSOR_DEFINITIONS = (
					"DEBUG=1",
					"$(inherited)",
				);
				GCC_WARN_64_TO_32_BIT_CONVERSION = YES;
				GCC_WARN_ABOUT_RETURN_TYPE = YES_ERROR;
				GCC_WARN_UNDECLARED_SELECTOR = YES;
				GCC_WARN_UNINITIALIZED_AUTOS = YES_AGGRESSIVE;
				GCC_WARN_UNUSED_FUNCTION = YES;
				GCC_WARN_UNUSED_VARIABLE = YES;
				IPHONEOS_DEPLOYMENT_TARGET = 17.2;
				LOCALIZATION_PREFERS_STRING_CATALOGS = YES;
				MTL_ENABLE_DEBUG_INFO = INCLUDE_SOURCE;
				MTL_FAST_MATH = YES;
				ONLY_ACTIVE_ARCH = YES;
				SDKROOT = iphoneos;
				SWIFT_ACTIVE_COMPILATION_CONDITIONS = "DEBUG $(inherited)";
				SWIFT_OPTIMIZATION_LEVEL = "-Onone";
			};
			name = Debug;
		};
		8D009E592B63E0F9003CEDA1 /* Release */ = {
			isa = XCBuildConfiguration;
			buildSettings = {
				ALWAYS_SEARCH_USER_PATHS = NO;
				ASSETCATALOG_COMPILER_GENERATE_SWIFT_ASSET_SYMBOL_EXTENSIONS = YES;
				CLANG_ANALYZER_NONNULL = YES;
				CLANG_ANALYZER_NUMBER_OBJECT_CONVERSION = YES_AGGRESSIVE;
				CLANG_CXX_LANGUAGE_STANDARD = "gnu++20";
				CLANG_ENABLE_MODULES = YES;
				CLANG_ENABLE_OBJC_ARC = YES;
				CLANG_ENABLE_OBJC_WEAK = YES;
				CLANG_WARN_BLOCK_CAPTURE_AUTORELEASING = YES;
				CLANG_WARN_BOOL_CONVERSION = YES;
				CLANG_WARN_COMMA = YES;
				CLANG_WARN_CONSTANT_CONVERSION = YES;
				CLANG_WARN_DEPRECATED_OBJC_IMPLEMENTATIONS = YES;
				CLANG_WARN_DIRECT_OBJC_ISA_USAGE = YES_ERROR;
				CLANG_WARN_DOCUMENTATION_COMMENTS = YES;
				CLANG_WARN_EMPTY_BODY = YES;
				CLANG_WARN_ENUM_CONVERSION = YES;
				CLANG_WARN_INFINITE_RECURSION = YES;
				CLANG_WARN_INT_CONVERSION = YES;
				CLANG_WARN_NON_LITERAL_NULL_CONVERSION = YES;
				CLANG_WARN_OBJC_IMPLICIT_RETAIN_SELF = YES;
				CLANG_WARN_OBJC_LITERAL_CONVERSION = YES;
				CLANG_WARN_OBJC_ROOT_CLASS = YES_ERROR;
				CLANG_WARN_QUOTED_INCLUDE_IN_FRAMEWORK_HEADER = YES;
				CLANG_WARN_RANGE_LOOP_ANALYSIS = YES;
				CLANG_WARN_STRICT_PROTOTYPES = YES;
				CLANG_WARN_SUSPICIOUS_MOVE = YES;
				CLANG_WARN_UNGUARDED_AVAILABILITY = YES_AGGRESSIVE;
				CLANG_WARN_UNREACHABLE_CODE = YES;
				CLANG_WARN__DUPLICATE_METHOD_MATCH = YES;
				COPY_PHASE_STRIP = NO;
				DEBUG_INFORMATION_FORMAT = "dwarf-with-dsym";
				ENABLE_NS_ASSERTIONS = NO;
				ENABLE_STRICT_OBJC_MSGSEND = YES;
				ENABLE_USER_SCRIPT_SANDBOXING = YES;
				GCC_C_LANGUAGE_STANDARD = gnu17;
				GCC_NO_COMMON_BLOCKS = YES;
				GCC_WARN_64_TO_32_BIT_CONVERSION = YES;
				GCC_WARN_ABOUT_RETURN_TYPE = YES_ERROR;
				GCC_WARN_UNDECLARED_SELECTOR = YES;
				GCC_WARN_UNINITIALIZED_AUTOS = YES_AGGRESSIVE;
				GCC_WARN_UNUSED_FUNCTION = YES;
				GCC_WARN_UNUSED_VARIABLE = YES;
				IPHONEOS_DEPLOYMENT_TARGET = 17.2;
				LOCALIZATION_PREFERS_STRING_CATALOGS = YES;
				MTL_ENABLE_DEBUG_INFO = NO;
				MTL_FAST_MATH = YES;
				SDKROOT = iphoneos;
				SWIFT_COMPILATION_MODE = wholemodule;
				VALIDATE_PRODUCT = YES;
			};
			name = Release;
		};
		8D009E5B2B63E0F9003CEDA1 /* Debug */ = {
			isa = XCBuildConfiguration;
			buildSettings = {
				ASSETCATALOG_COMPILER_APPICON_NAME = AppIcon;
				ASSETCATALOG_COMPILER_GLOBAL_ACCENT_COLOR_NAME = AccentColor;
				CODE_SIGN_STYLE = Automatic;
				CURRENT_PROJECT_VERSION = 1;
				DEVELOPMENT_TEAM = VVBZ3B874L;
				GENERATE_INFOPLIST_FILE = YES;
				INFOPLIST_FILE = BottomSheetPro/Info.plist;
				INFOPLIST_KEY_UIApplicationSupportsIndirectInputEvents = YES;
				INFOPLIST_KEY_UILaunchStoryboardName = LaunchScreen;
				INFOPLIST_KEY_UIMainStoryboardFile = Main;
				INFOPLIST_KEY_UISupportedInterfaceOrientations_iPad = "UIInterfaceOrientationPortrait UIInterfaceOrientationPortraitUpsideDown UIInterfaceOrientationLandscapeLeft UIInterfaceOrientationLandscapeRight";
				INFOPLIST_KEY_UISupportedInterfaceOrientations_iPhone = "UIInterfaceOrientationPortrait UIInterfaceOrientationLandscapeLeft UIInterfaceOrientationLandscapeRight";
				LD_RUNPATH_SEARCH_PATHS = (
					"$(inherited)",
					"@executable_path/Frameworks",
				);
				MARKETING_VERSION = 1.0;
				PRODUCT_BUNDLE_IDENTIFIER = com.ddhr4m.dharma.BottomSheetPro;
				PRODUCT_NAME = "$(TARGET_NAME)";
				SWIFT_EMIT_LOC_STRINGS = YES;
				SWIFT_VERSION = 5.0;
				TARGETED_DEVICE_FAMILY = "1,2";
			};
			name = Debug;
		};
		8D009E5C2B63E0F9003CEDA1 /* Release */ = {
			isa = XCBuildConfiguration;
			buildSettings = {
				ASSETCATALOG_COMPILER_APPICON_NAME = AppIcon;
				ASSETCATALOG_COMPILER_GLOBAL_ACCENT_COLOR_NAME = AccentColor;
				CODE_SIGN_STYLE = Automatic;
				CURRENT_PROJECT_VERSION = 1;
				DEVELOPMENT_TEAM = VVBZ3B874L;
				GENERATE_INFOPLIST_FILE = YES;
				INFOPLIST_FILE = BottomSheetPro/Info.plist;
				INFOPLIST_KEY_UIApplicationSupportsIndirectInputEvents = YES;
				INFOPLIST_KEY_UILaunchStoryboardName = LaunchScreen;
				INFOPLIST_KEY_UIMainStoryboardFile = Main;
				INFOPLIST_KEY_UISupportedInterfaceOrientations_iPad = "UIInterfaceOrientationPortrait UIInterfaceOrientationPortraitUpsideDown UIInterfaceOrientationLandscapeLeft UIInterfaceOrientationLandscapeRight";
				INFOPLIST_KEY_UISupportedInterfaceOrientations_iPhone = "UIInterfaceOrientationPortrait UIInterfaceOrientationLandscapeLeft UIInterfaceOrientationLandscapeRight";
				LD_RUNPATH_SEARCH_PATHS = (
					"$(inherited)",
					"@executable_path/Frameworks",
				);
				MARKETING_VERSION = 1.0;
				PRODUCT_BUNDLE_IDENTIFIER = com.ddhr4m.dharma.BottomSheetPro;
				PRODUCT_NAME = "$(TARGET_NAME)";
				SWIFT_EMIT_LOC_STRINGS = YES;
				SWIFT_VERSION = 5.0;
				TARGETED_DEVICE_FAMILY = "1,2";
			};
			name = Release;
		};
		8D009E5E2B63E0F9003CEDA1 /* Debug */ = {
			isa = XCBuildConfiguration;
			buildSettings = {
				ALWAYS_EMBED_SWIFT_STANDARD_LIBRARIES = YES;
				BUNDLE_LOADER = "$(TEST_HOST)";
				CODE_SIGN_STYLE = Automatic;
				CURRENT_PROJECT_VERSION = 1;
				DEVELOPMENT_TEAM = VVBZ3B874L;
				GENERATE_INFOPLIST_FILE = YES;
				IPHONEOS_DEPLOYMENT_TARGET = 17.2;
				MARKETING_VERSION = 1.0;
				PRODUCT_BUNDLE_IDENTIFIER = com.ddhr4m.dharma.BottomSheetProTests;
				PRODUCT_NAME = "$(TARGET_NAME)";
				SWIFT_EMIT_LOC_STRINGS = NO;
				SWIFT_VERSION = 5.0;
				TARGETED_DEVICE_FAMILY = "1,2";
				TEST_HOST = "$(BUILT_PRODUCTS_DIR)/BottomSheetPro.app/$(BUNDLE_EXECUTABLE_FOLDER_PATH)/BottomSheetPro";
			};
			name = Debug;
		};
		8D009E5F2B63E0F9003CEDA1 /* Release */ = {
			isa = XCBuildConfiguration;
			buildSettings = {
				ALWAYS_EMBED_SWIFT_STANDARD_LIBRARIES = YES;
				BUNDLE_LOADER = "$(TEST_HOST)";
				CODE_SIGN_STYLE = Automatic;
				CURRENT_PROJECT_VERSION = 1;
				DEVELOPMENT_TEAM = VVBZ3B874L;
				GENERATE_INFOPLIST_FILE = YES;
				IPHONEOS_DEPLOYMENT_TARGET = 17.2;
				MARKETING_VERSION = 1.0;
				PRODUCT_BUNDLE_IDENTIFIER = com.ddhr4m.dharma.BottomSheetProTests;
				PRODUCT_NAME = "$(TARGET_NAME)";
				SWIFT_EMIT_LOC_STRINGS = NO;
				SWIFT_VERSION = 5.0;
				TARGETED_DEVICE_FAMILY = "1,2";
				TEST_HOST = "$(BUILT_PRODUCTS_DIR)/BottomSheetPro.app/$(BUNDLE_EXECUTABLE_FOLDER_PATH)/BottomSheetPro";
			};
			name = Release;
		};
		8D009E612B63E0F9003CEDA1 /* Debug */ = {
			isa = XCBuildConfiguration;
			buildSettings = {
				ALWAYS_EMBED_SWIFT_STANDARD_LIBRARIES = YES;
				CODE_SIGN_STYLE = Automatic;
				CURRENT_PROJECT_VERSION = 1;
				DEVELOPMENT_TEAM = VVBZ3B874L;
				GENERATE_INFOPLIST_FILE = YES;
				MARKETING_VERSION = 1.0;
				PRODUCT_BUNDLE_IDENTIFIER = com.ddhr4m.dharma.BottomSheetProUITests;
				PRODUCT_NAME = "$(TARGET_NAME)";
				SWIFT_EMIT_LOC_STRINGS = NO;
				SWIFT_VERSION = 5.0;
				TARGETED_DEVICE_FAMILY = "1,2";
				TEST_TARGET_NAME = BottomSheetPro;
			};
			name = Debug;
		};
		8D009E622B63E0F9003CEDA1 /* Release */ = {
			isa = XCBuildConfiguration;
			buildSettings = {
				ALWAYS_EMBED_SWIFT_STANDARD_LIBRARIES = YES;
				CODE_SIGN_STYLE = Automatic;
				CURRENT_PROJECT_VERSION = 1;
				DEVELOPMENT_TEAM = VVBZ3B874L;
				GENERATE_INFOPLIST_FILE = YES;
				MARKETING_VERSION = 1.0;
				PRODUCT_BUNDLE_IDENTIFIER = com.ddhr4m.dharma.BottomSheetProUITests;
				PRODUCT_NAME = "$(TARGET_NAME)";
				SWIFT_EMIT_LOC_STRINGS = NO;
				SWIFT_VERSION = 5.0;
				TARGETED_DEVICE_FAMILY = "1,2";
				TEST_TARGET_NAME = BottomSheetPro;
			};
			name = Release;
		};
/* End XCBuildConfiguration section */

/* Begin XCConfigurationList section */
		8D009E2B2B63E0F7003CEDA1 /* Build configuration list for PBXProject "BottomSheetPro" */ = {
			isa = XCConfigurationList;
			buildConfigurations = (
				8D009E582B63E0F9003CEDA1 /* Debug */,
				8D009E592B63E0F9003CEDA1 /* Release */,
			);
			defaultConfigurationIsVisible = 0;
			defaultConfigurationName = Release;
		};
		8D009E5A2B63E0F9003CEDA1 /* Build configuration list for PBXNativeTarget "BottomSheetPro" */ = {
			isa = XCConfigurationList;
			buildConfigurations = (
				8D009E5B2B63E0F9003CEDA1 /* Debug */,
				8D009E5C2B63E0F9003CEDA1 /* Release */,
			);
			defaultConfigurationIsVisible = 0;
			defaultConfigurationName = Release;
		};
		8D009E5D2B63E0F9003CEDA1 /* Build configuration list for PBXNativeTarget "BottomSheetProTests" */ = {
			isa = XCConfigurationList;
			buildConfigurations = (
				8D009E5E2B63E0F9003CEDA1 /* Debug */,
				8D009E5F2B63E0F9003CEDA1 /* Release */,
			);
			defaultConfigurationIsVisible = 0;
			defaultConfigurationName = Release;
		};
		8D009E602B63E0F9003CEDA1 /* Build configuration list for PBXNativeTarget "BottomSheetProUITests" */ = {
			isa = XCConfigurationList;
			buildConfigurations = (
				8D009E612B63E0F9003CEDA1 /* Debug */,
				8D009E622B63E0F9003CEDA1 /* Release */,
			);
			defaultConfigurationIsVisible = 0;
			defaultConfigurationName = Release;
		};
/* End XCConfigurationList section */
	};
	rootObject = 8D009E282B63E0F7003CEDA1 /* Project object */;
}
